
Microsoft Visual Studio Solution File, Format Version 12.00
# Visual Studio Version 17
VisualStudioVersion = 17.3.32922.545
MinimumVisualStudioVersion = 10.0.40219.1
Project("{FAE04EC0-301F-11D3-BF4B-00C04F79EFBC}") = "Practica3", "Practica3\Practica3.csproj", "{56C4916B-2084-4329-978C-EBE8A97E336A}"
EndProject
Global
	GlobalSection(SolutionConfigurationPlatforms) = preSolution
		Debug|Any CPU = Debug|Any CPU
		Release|Any CPU = Release|Any CPU
	EndGlobalSection
	GlobalSection(ProjectConfigurationPlatforms) = postSolution
		{56C4916B-2084-4329-978C-EBE8A97E336A}.Debug|Any CPU.ActiveCfg = Debug|Any CPU
		{56C4916B-2084-4329-978C-EBE8A97E336A}.Debug|Any CPU.Build.0 = Debug|Any CPU
		{56C4916B-2084-4329-978C-EBE8A97E336A}.Release|Any CPU.ActiveCfg = Release|Any CPU
		{56C4916B-2084-4329-978C-EBE8A97E336A}.Release|Any CPU.Build.0 = Release|Any CPU
	EndGlobalSection
	GlobalSection(SolutionProperties) = preSolution
		HideSolutionNode = FALSE
	EndGlobalSection
	GlobalSection(ExtensibilityGlobals) = postSolution
		SolutionGuid = {E3288781-8736-4365-A2EE-FE0952A3367D}
	EndGlobalSection
EndGlobal
