
Microsoft Visual Studio Solution File, Format Version 12.00
# Visual Studio Version 17
VisualStudioVersion = 17.3.32929.385
MinimumVisualStudioVersion = 10.0.40219.1
Project("{FAE04EC0-301F-11D3-BF4B-00C04F79EFBC}") = "Practica11", "Practica11\Practica11.csproj", "{47E632FB-4C0F-4776-9660-45F911738C02}"
EndProject
Global
	GlobalSection(SolutionConfigurationPlatforms) = preSolution
		Debug|Any CPU = Debug|Any CPU
		Release|Any CPU = Release|Any CPU
	EndGlobalSection
	GlobalSection(ProjectConfigurationPlatforms) = postSolution
		{47E632FB-4C0F-4776-9660-45F911738C02}.Debug|Any CPU.ActiveCfg = Debug|Any CPU
		{47E632FB-4C0F-4776-9660-45F911738C02}.Debug|Any CPU.Build.0 = Debug|Any CPU
		{47E632FB-4C0F-4776-9660-45F911738C02}.Release|Any CPU.ActiveCfg = Release|Any CPU
		{47E632FB-4C0F-4776-9660-45F911738C02}.Release|Any CPU.Build.0 = Release|Any CPU
	EndGlobalSection
	GlobalSection(SolutionProperties) = preSolution
		HideSolutionNode = FALSE
	EndGlobalSection
	GlobalSection(ExtensibilityGlobals) = postSolution
		SolutionGuid = {1222B5CF-43F7-49C0-B3DA-D22EBECA6A10}
	EndGlobalSection
EndGlobal
